
Microsoft Visual Studio Solution File, Format Version 12.00
# Visual Studio 15
VisualStudioVersion = 15.0.27004.2008
MinimumVisualStudioVersion = 10.0.40219.1
Project("{8BC9CEB8-8B4A-11D0-8D11-00A0C91BC942}") = "P1a", "P1a\P1a.vcxproj", "{FB10FDF9-A452-4A12-9E3B-40EC59DF22C4}"
EndProject
Project("{8BC9CEB8-8B4A-11D0-8D11-00A0C91BC942}") = "P1b", "P1b\P1b.vcxproj", "{7BFE06A2-1594-4848-8553-182234B118A8}"
EndProject
Project("{8BC9CEB8-8B4A-11D0-8D11-00A0C91BC942}") = "P1c", "P1c\P1c.vcxproj", "{F42592F5-3BA0-4016-A375-24CA2D3EF0E1}"
EndProject
Project("{8BC9CEB8-8B4A-11D0-8D11-00A0C91BC942}") = "P2.2", "P2.2\P2.2.vcxproj", "{C40415C2-E2E2-46C6-992D-0EF7483D0D9F}"
EndProject
Project("{8BC9CEB8-8B4A-11D0-8D11-00A0C91BC942}") = "P2.3", "P2.3\P2.3.vcxproj", "{6B6A614A-C84D-42FC-AF71-9EF4E77FE2E1}"
EndProject
Project("{8BC9CEB8-8B4A-11D0-8D11-00A0C91BC942}") = "P3.1", "P3.1\P3.1.vcxproj", "{F375F65A-E7C1-4A7F-9B2E-86BE00852D8C}"
EndProject
Global
	GlobalSection(SolutionConfigurationPlatforms) = preSolution
		Debug|x64 = Debug|x64
		Debug|x86 = Debug|x86
		HeapSort|x64 = HeapSort|x64
		HeapSort|x86 = HeapSort|x86
		MergeSort|x64 = MergeSort|x64
		MergeSort|x86 = MergeSort|x86
		Release|x64 = Release|x64
		Release|x86 = Release|x86
	EndGlobalSection
	GlobalSection(ProjectConfigurationPlatforms) = postSolution
		{FB10FDF9-A452-4A12-9E3B-40EC59DF22C4}.Debug|x64.ActiveCfg = Debug|x64
		{FB10FDF9-A452-4A12-9E3B-40EC59DF22C4}.Debug|x64.Build.0 = Debug|x64
		{FB10FDF9-A452-4A12-9E3B-40EC59DF22C4}.Debug|x86.ActiveCfg = Debug|Win32
		{FB10FDF9-A452-4A12-9E3B-40EC59DF22C4}.Debug|x86.Build.0 = Debug|Win32
		{FB10FDF9-A452-4A12-9E3B-40EC59DF22C4}.HeapSort|x64.ActiveCfg = Release|x64
		{FB10FDF9-A452-4A12-9E3B-40EC59DF22C4}.HeapSort|x64.Build.0 = Release|x64
		{FB10FDF9-A452-4A12-9E3B-40EC59DF22C4}.HeapSort|x64.Deploy.0 = Release|x64
		{FB10FDF9-A452-4A12-9E3B-40EC59DF22C4}.HeapSort|x86.ActiveCfg = Release|Win32
		{FB10FDF9-A452-4A12-9E3B-40EC59DF22C4}.HeapSort|x86.Build.0 = Release|Win32
		{FB10FDF9-A452-4A12-9E3B-40EC59DF22C4}.HeapSort|x86.Deploy.0 = Release|Win32
		{FB10FDF9-A452-4A12-9E3B-40EC59DF22C4}.MergeSort|x64.ActiveCfg = Release|x64
		{FB10FDF9-A452-4A12-9E3B-40EC59DF22C4}.MergeSort|x64.Build.0 = Release|x64
		{FB10FDF9-A452-4A12-9E3B-40EC59DF22C4}.MergeSort|x64.Deploy.0 = Release|x64
		{FB10FDF9-A452-4A12-9E3B-40EC59DF22C4}.MergeSort|x86.ActiveCfg = Release|Win32
		{FB10FDF9-A452-4A12-9E3B-40EC59DF22C4}.MergeSort|x86.Build.0 = Release|Win32
		{FB10FDF9-A452-4A12-9E3B-40EC59DF22C4}.MergeSort|x86.Deploy.0 = Release|Win32
		{FB10FDF9-A452-4A12-9E3B-40EC59DF22C4}.Release|x64.ActiveCfg = Release|x64
		{FB10FDF9-A452-4A12-9E3B-40EC59DF22C4}.Release|x64.Build.0 = Release|x64
		{FB10FDF9-A452-4A12-9E3B-40EC59DF22C4}.Release|x86.ActiveCfg = Release|Win32
		{FB10FDF9-A452-4A12-9E3B-40EC59DF22C4}.Release|x86.Build.0 = Release|Win32
		{7BFE06A2-1594-4848-8553-182234B118A8}.Debug|x64.ActiveCfg = Debug|x64
		{7BFE06A2-1594-4848-8553-182234B118A8}.Debug|x64.Build.0 = Debug|x64
		{7BFE06A2-1594-4848-8553-182234B118A8}.Debug|x86.ActiveCfg = Debug|Win32
		{7BFE06A2-1594-4848-8553-182234B118A8}.Debug|x86.Build.0 = Debug|Win32
		{7BFE06A2-1594-4848-8553-182234B118A8}.HeapSort|x64.ActiveCfg = Release|x64
		{7BFE06A2-1594-4848-8553-182234B118A8}.HeapSort|x64.Build.0 = Release|x64
		{7BFE06A2-1594-4848-8553-182234B118A8}.HeapSort|x64.Deploy.0 = Release|x64
		{7BFE06A2-1594-4848-8553-182234B118A8}.HeapSort|x86.ActiveCfg = Release|Win32
		{7BFE06A2-1594-4848-8553-182234B118A8}.HeapSort|x86.Build.0 = Release|Win32
		{7BFE06A2-1594-4848-8553-182234B118A8}.HeapSort|x86.Deploy.0 = Release|Win32
		{7BFE06A2-1594-4848-8553-182234B118A8}.MergeSort|x64.ActiveCfg = Release|x64
		{7BFE06A2-1594-4848-8553-182234B118A8}.MergeSort|x64.Build.0 = Release|x64
		{7BFE06A2-1594-4848-8553-182234B118A8}.MergeSort|x64.Deploy.0 = Release|x64
		{7BFE06A2-1594-4848-8553-182234B118A8}.MergeSort|x86.ActiveCfg = Release|Win32
		{7BFE06A2-1594-4848-8553-182234B118A8}.MergeSort|x86.Build.0 = Release|Win32
		{7BFE06A2-1594-4848-8553-182234B118A8}.MergeSort|x86.Deploy.0 = Release|Win32
		{7BFE06A2-1594-4848-8553-182234B118A8}.Release|x64.ActiveCfg = Release|x64
		{7BFE06A2-1594-4848-8553-182234B118A8}.Release|x64.Build.0 = Release|x64
		{7BFE06A2-1594-4848-8553-182234B118A8}.Release|x86.ActiveCfg = Release|Win32
		{7BFE06A2-1594-4848-8553-182234B118A8}.Release|x86.Build.0 = Release|Win32
		{F42592F5-3BA0-4016-A375-24CA2D3EF0E1}.Debug|x64.ActiveCfg = Debug|x64
		{F42592F5-3BA0-4016-A375-24CA2D3EF0E1}.Debug|x64.Build.0 = Debug|x64
		{F42592F5-3BA0-4016-A375-24CA2D3EF0E1}.Debug|x86.ActiveCfg = Debug|Win32
		{F42592F5-3BA0-4016-A375-24CA2D3EF0E1}.Debug|x86.Build.0 = Debug|Win32
		{F42592F5-3BA0-4016-A375-24CA2D3EF0E1}.HeapSort|x64.ActiveCfg = Release|x64
		{F42592F5-3BA0-4016-A375-24CA2D3EF0E1}.HeapSort|x64.Build.0 = Release|x64
		{F42592F5-3BA0-4016-A375-24CA2D3EF0E1}.HeapSort|x64.Deploy.0 = Release|x64
		{F42592F5-3BA0-4016-A375-24CA2D3EF0E1}.HeapSort|x86.ActiveCfg = Release|Win32
		{F42592F5-3BA0-4016-A375-24CA2D3EF0E1}.HeapSort|x86.Build.0 = Release|Win32
		{F42592F5-3BA0-4016-A375-24CA2D3EF0E1}.HeapSort|x86.Deploy.0 = Release|Win32
		{F42592F5-3BA0-4016-A375-24CA2D3EF0E1}.MergeSort|x64.ActiveCfg = Release|x64
		{F42592F5-3BA0-4016-A375-24CA2D3EF0E1}.MergeSort|x64.Build.0 = Release|x64
		{F42592F5-3BA0-4016-A375-24CA2D3EF0E1}.MergeSort|x64.Deploy.0 = Release|x64
		{F42592F5-3BA0-4016-A375-24CA2D3EF0E1}.MergeSort|x86.ActiveCfg = Release|Win32
		{F42592F5-3BA0-4016-A375-24CA2D3EF0E1}.MergeSort|x86.Build.0 = Release|Win32
		{F42592F5-3BA0-4016-A375-24CA2D3EF0E1}.MergeSort|x86.Deploy.0 = Release|Win32
		{F42592F5-3BA0-4016-A375-24CA2D3EF0E1}.Release|x64.ActiveCfg = Release|x64
		{F42592F5-3BA0-4016-A375-24CA2D3EF0E1}.Release|x64.Build.0 = Release|x64
		{F42592F5-3BA0-4016-A375-24CA2D3EF0E1}.Release|x86.ActiveCfg = Release|Win32
		{F42592F5-3BA0-4016-A375-24CA2D3EF0E1}.Release|x86.Build.0 = Release|Win32
		{C40415C2-E2E2-46C6-992D-0EF7483D0D9F}.Debug|x64.ActiveCfg = Debug|x64
		{C40415C2-E2E2-46C6-992D-0EF7483D0D9F}.Debug|x64.Build.0 = Debug|x64
		{C40415C2-E2E2-46C6-992D-0EF7483D0D9F}.Debug|x86.ActiveCfg = Debug|Win32
		{C40415C2-E2E2-46C6-992D-0EF7483D0D9F}.Debug|x86.Build.0 = Debug|Win32
		{C40415C2-E2E2-46C6-992D-0EF7483D0D9F}.HeapSort|x64.ActiveCfg = Release|x64
		{C40415C2-E2E2-46C6-992D-0EF7483D0D9F}.HeapSort|x64.Build.0 = Release|x64
		{C40415C2-E2E2-46C6-992D-0EF7483D0D9F}.HeapSort|x64.Deploy.0 = Release|x64
		{C40415C2-E2E2-46C6-992D-0EF7483D0D9F}.HeapSort|x86.ActiveCfg = Release|Win32
		{C40415C2-E2E2-46C6-992D-0EF7483D0D9F}.HeapSort|x86.Build.0 = Release|Win32
		{C40415C2-E2E2-46C6-992D-0EF7483D0D9F}.HeapSort|x86.Deploy.0 = Release|Win32
		{C40415C2-E2E2-46C6-992D-0EF7483D0D9F}.MergeSort|x64.ActiveCfg = Release|x64
		{C40415C2-E2E2-46C6-992D-0EF7483D0D9F}.MergeSort|x64.Build.0 = Release|x64
		{C40415C2-E2E2-46C6-992D-0EF7483D0D9F}.MergeSort|x64.Deploy.0 = Release|x64
		{C40415C2-E2E2-46C6-992D-0EF7483D0D9F}.MergeSort|x86.ActiveCfg = Release|Win32
		{C40415C2-E2E2-46C6-992D-0EF7483D0D9F}.MergeSort|x86.Build.0 = Release|Win32
		{C40415C2-E2E2-46C6-992D-0EF7483D0D9F}.MergeSort|x86.Deploy.0 = Release|Win32
		{C40415C2-E2E2-46C6-992D-0EF7483D0D9F}.Release|x64.ActiveCfg = Release|x64
		{C40415C2-E2E2-46C6-992D-0EF7483D0D9F}.Release|x64.Build.0 = Release|x64
		{C40415C2-E2E2-46C6-992D-0EF7483D0D9F}.Release|x86.ActiveCfg = Release|Win32
		{C40415C2-E2E2-46C6-992D-0EF7483D0D9F}.Release|x86.Build.0 = Release|Win32
		{6B6A614A-C84D-42FC-AF71-9EF4E77FE2E1}.Debug|x64.ActiveCfg = Debug|x64
		{6B6A614A-C84D-42FC-AF71-9EF4E77FE2E1}.Debug|x64.Build.0 = Debug|x64
		{6B6A614A-C84D-42FC-AF71-9EF4E77FE2E1}.Debug|x86.ActiveCfg = Debug|Win32
		{6B6A614A-C84D-42FC-AF71-9EF4E77FE2E1}.Debug|x86.Build.0 = Debug|Win32
		{6B6A614A-C84D-42FC-AF71-9EF4E77FE2E1}.HeapSort|x64.ActiveCfg = Release|x64
		{6B6A614A-C84D-42FC-AF71-9EF4E77FE2E1}.HeapSort|x64.Build.0 = Release|x64
		{6B6A614A-C84D-42FC-AF71-9EF4E77FE2E1}.HeapSort|x64.Deploy.0 = Release|x64
		{6B6A614A-C84D-42FC-AF71-9EF4E77FE2E1}.HeapSort|x86.ActiveCfg = Release|Win32
		{6B6A614A-C84D-42FC-AF71-9EF4E77FE2E1}.HeapSort|x86.Build.0 = Release|Win32
		{6B6A614A-C84D-42FC-AF71-9EF4E77FE2E1}.HeapSort|x86.Deploy.0 = Release|Win32
		{6B6A614A-C84D-42FC-AF71-9EF4E77FE2E1}.MergeSort|x64.ActiveCfg = Release|x64
		{6B6A614A-C84D-42FC-AF71-9EF4E77FE2E1}.MergeSort|x64.Build.0 = Release|x64
		{6B6A614A-C84D-42FC-AF71-9EF4E77FE2E1}.MergeSort|x64.Deploy.0 = Release|x64
		{6B6A614A-C84D-42FC-AF71-9EF4E77FE2E1}.MergeSort|x86.ActiveCfg = Release|Win32
		{6B6A614A-C84D-42FC-AF71-9EF4E77FE2E1}.MergeSort|x86.Build.0 = Release|Win32
		{6B6A614A-C84D-42FC-AF71-9EF4E77FE2E1}.MergeSort|x86.Deploy.0 = Release|Win32
		{6B6A614A-C84D-42FC-AF71-9EF4E77FE2E1}.Release|x64.ActiveCfg = Release|x64
		{6B6A614A-C84D-42FC-AF71-9EF4E77FE2E1}.Release|x64.Build.0 = Release|x64
		{6B6A614A-C84D-42FC-AF71-9EF4E77FE2E1}.Release|x86.ActiveCfg = Release|Win32
		{6B6A614A-C84D-42FC-AF71-9EF4E77FE2E1}.Release|x86.Build.0 = Release|Win32
		{F375F65A-E7C1-4A7F-9B2E-86BE00852D8C}.Debug|x64.ActiveCfg = Debug|x64
		{F375F65A-E7C1-4A7F-9B2E-86BE00852D8C}.Debug|x64.Build.0 = Debug|x64
		{F375F65A-E7C1-4A7F-9B2E-86BE00852D8C}.Debug|x86.ActiveCfg = Debug|Win32
		{F375F65A-E7C1-4A7F-9B2E-86BE00852D8C}.Debug|x86.Build.0 = Debug|Win32
		{F375F65A-E7C1-4A7F-9B2E-86BE00852D8C}.HeapSort|x64.ActiveCfg = Release|x64
		{F375F65A-E7C1-4A7F-9B2E-86BE00852D8C}.HeapSort|x64.Build.0 = Release|x64
		{F375F65A-E7C1-4A7F-9B2E-86BE00852D8C}.HeapSort|x86.ActiveCfg = Release|Win32
		{F375F65A-E7C1-4A7F-9B2E-86BE00852D8C}.HeapSort|x86.Build.0 = Release|Win32
		{F375F65A-E7C1-4A7F-9B2E-86BE00852D8C}.MergeSort|x64.ActiveCfg = Release|x64
		{F375F65A-E7C1-4A7F-9B2E-86BE00852D8C}.MergeSort|x64.Build.0 = Release|x64
		{F375F65A-E7C1-4A7F-9B2E-86BE00852D8C}.MergeSort|x86.ActiveCfg = Release|Win32
		{F375F65A-E7C1-4A7F-9B2E-86BE00852D8C}.MergeSort|x86.Build.0 = Release|Win32
		{F375F65A-E7C1-4A7F-9B2E-86BE00852D8C}.Release|x64.ActiveCfg = Release|x64
		{F375F65A-E7C1-4A7F-9B2E-86BE00852D8C}.Release|x64.Build.0 = Release|x64
		{F375F65A-E7C1-4A7F-9B2E-86BE00852D8C}.Release|x86.ActiveCfg = Release|Win32
		{F375F65A-E7C1-4A7F-9B2E-86BE00852D8C}.Release|x86.Build.0 = Release|Win32
	EndGlobalSection
	GlobalSection(SolutionProperties) = preSolution
		HideSolutionNode = FALSE
	EndGlobalSection
	GlobalSection(ExtensibilityGlobals) = postSolution
		SolutionGuid = {BB670AE8-32D7-4ADA-A3C4-F6F3D8A2E46A}
	EndGlobalSection
EndGlobal
